
Microsoft Visual Studio Solution File, Format Version 12.00
# Visual Studio Version 17
VisualStudioVersion = 17.0.31903.59
MinimumVisualStudioVersion = 10.0.40219.1
Project("{2150E333-8FDC-42A3-9474-1A3956D46DE8}") = "src", "src", "{827E0CD3-B72D-47B6-A68D-7590B98EB39B}"
EndProject
Project("{2150E333-8FDC-42A3-9474-1A3956D46DE8}") = "1.Domain", "1.Domain", "{FE02FEC3-0208-0492-DF9C-30DE2051AAA5}"
EndProject
Project("{FAE04EC0-301F-11D3-BF4B-00C04F79EFBC}") = "LligaManager.Domain", "src\1.Domain\LligaManager.Domain.csproj", "{F86FC805-C75A-4DB5-889A-D748F581BD96}"
EndProject
Project("{2150E333-8FDC-42A3-9474-1A3956D46DE8}") = "2.Application", "2.Application", "{9CBA830D-B4CD-1920-FCFC-987D33BFAE30}"
EndProject
Project("{FAE04EC0-301F-11D3-BF4B-00C04F79EFBC}") = "LligaManager.Application", "src\2.Application\LligaManager.Application.csproj", "{4F9718FB-6359-4F42-8A95-AF09858E3E3B}"
EndProject
Project("{2150E333-8FDC-42A3-9474-1A3956D46DE8}") = "3.Infrastructure", "3.Infrastructure", "{F8D0DC9F-10E3-AF4F-AACB-95D6F5E207A8}"
EndProject
Project("{FAE04EC0-301F-11D3-BF4B-00C04F79EFBC}") = "LligaManager.Infrastructure", "src\3.Infrastructure\LligaManager.Infrastructure.csproj", "{4ACAAF14-96D0-484C-B5BF-5FA85EE3DD78}"
EndProject
Project("{FAE04EC0-301F-11D3-BF4B-00C04F79EFBC}") = "LligaManager.UI", "src\3.Infrastructure\LligaManager.UI\LligaManager.UI.csproj", "{388D3CB3-EA99-4006-A9DB-018CE4807A7A}"
EndProject
Project("{2150E333-8FDC-42A3-9474-1A3956D46DE8}") = "tests", "tests", "{0AB3BF05-4346-4AA6-1389-037BE0695223}"
EndProject
Project("{FAE04EC0-301F-11D3-BF4B-00C04F79EFBC}") = "LligaManager.Tests", "tests\LligaManager.Tests\LligaManager.Tests.csproj", "{1AD34238-D0BD-4681-AA72-11BD8B7C83B8}"
EndProject
Global
	GlobalSection(SolutionConfigurationPlatforms) = preSolution
		Debug|Any CPU = Debug|Any CPU
		Debug|x64 = Debug|x64
		Debug|x86 = Debug|x86
		Release|Any CPU = Release|Any CPU
		Release|x64 = Release|x64
		Release|x86 = Release|x86
	EndGlobalSection
	GlobalSection(ProjectConfigurationPlatforms) = postSolution
		{F86FC805-C75A-4DB5-889A-D748F581BD96}.Debug|Any CPU.ActiveCfg = Debug|Any CPU
		{F86FC805-C75A-4DB5-889A-D748F581BD96}.Debug|Any CPU.Build.0 = Debug|Any CPU
		{F86FC805-C75A-4DB5-889A-D748F581BD96}.Debug|x64.ActiveCfg = Debug|Any CPU
		{F86FC805-C75A-4DB5-889A-D748F581BD96}.Debug|x64.Build.0 = Debug|Any CPU
		{F86FC805-C75A-4DB5-889A-D748F581BD96}.Debug|x86.ActiveCfg = Debug|Any CPU
		{F86FC805-C75A-4DB5-889A-D748F581BD96}.Debug|x86.Build.0 = Debug|Any CPU
		{F86FC805-C75A-4DB5-889A-D748F581BD96}.Release|Any CPU.ActiveCfg = Release|Any CPU
		{F86FC805-C75A-4DB5-889A-D748F581BD96}.Release|Any CPU.Build.0 = Release|Any CPU
		{F86FC805-C75A-4DB5-889A-D748F581BD96}.Release|x64.ActiveCfg = Release|Any CPU
		{F86FC805-C75A-4DB5-889A-D748F581BD96}.Release|x64.Build.0 = Release|Any CPU
		{F86FC805-C75A-4DB5-889A-D748F581BD96}.Release|x86.ActiveCfg = Release|Any CPU
		{F86FC805-C75A-4DB5-889A-D748F581BD96}.Release|x86.Build.0 = Release|Any CPU
		{4F9718FB-6359-4F42-8A95-AF09858E3E3B}.Debug|Any CPU.ActiveCfg = Debug|Any CPU
		{4F9718FB-6359-4F42-8A95-AF09858E3E3B}.Debug|Any CPU.Build.0 = Debug|Any CPU
		{4F9718FB-6359-4F42-8A95-AF09858E3E3B}.Debug|x64.ActiveCfg = Debug|Any CPU
		{4F9718FB-6359-4F42-8A95-AF09858E3E3B}.Debug|x64.Build.0 = Debug|Any CPU
		{4F9718FB-6359-4F42-8A95-AF09858E3E3B}.Debug|x86.ActiveCfg = Debug|Any CPU
		{4F9718FB-6359-4F42-8A95-AF09858E3E3B}.Debug|x86.Build.0 = Debug|Any CPU
		{4F9718FB-6359-4F42-8A95-AF09858E3E3B}.Release|Any CPU.ActiveCfg = Release|Any CPU
		{4F9718FB-6359-4F42-8A95-AF09858E3E3B}.Release|Any CPU.Build.0 = Release|Any CPU
		{4F9718FB-6359-4F42-8A95-AF09858E3E3B}.Release|x64.ActiveCfg = Release|Any CPU
		{4F9718FB-6359-4F42-8A95-AF09858E3E3B}.Release|x64.Build.0 = Release|Any CPU
		{4F9718FB-6359-4F42-8A95-AF09858E3E3B}.Release|x86.ActiveCfg = Release|Any CPU
		{4F9718FB-6359-4F42-8A95-AF09858E3E3B}.Release|x86.Build.0 = Release|Any CPU
		{4ACAAF14-96D0-484C-B5BF-5FA85EE3DD78}.Debug|Any CPU.ActiveCfg = Debug|Any CPU
		{4ACAAF14-96D0-484C-B5BF-5FA85EE3DD78}.Debug|Any CPU.Build.0 = Debug|Any CPU
		{4ACAAF14-96D0-484C-B5BF-5FA85EE3DD78}.Debug|x64.ActiveCfg = Debug|Any CPU
		{4ACAAF14-96D0-484C-B5BF-5FA85EE3DD78}.Debug|x64.Build.0 = Debug|Any CPU
		{4ACAAF14-96D0-484C-B5BF-5FA85EE3DD78}.Debug|x86.ActiveCfg = Debug|Any CPU
		{4ACAAF14-96D0-484C-B5BF-5FA85EE3DD78}.Debug|x86.Build.0 = Debug|Any CPU
		{4ACAAF14-96D0-484C-B5BF-5FA85EE3DD78}.Release|Any CPU.ActiveCfg = Release|Any CPU
		{4ACAAF14-96D0-484C-B5BF-5FA85EE3DD78}.Release|Any CPU.Build.0 = Release|Any CPU
		{4ACAAF14-96D0-484C-B5BF-5FA85EE3DD78}.Release|x64.ActiveCfg = Release|Any CPU
		{4ACAAF14-96D0-484C-B5BF-5FA85EE3DD78}.Release|x64.Build.0 = Release|Any CPU
		{4ACAAF14-96D0-484C-B5BF-5FA85EE3DD78}.Release|x86.ActiveCfg = Release|Any CPU
		{4ACAAF14-96D0-484C-B5BF-5FA85EE3DD78}.Release|x86.Build.0 = Release|Any CPU
		{388D3CB3-EA99-4006-A9DB-018CE4807A7A}.Debug|Any CPU.ActiveCfg = Debug|x86
		{388D3CB3-EA99-4006-A9DB-018CE4807A7A}.Debug|Any CPU.Build.0 = Debug|x86
		{388D3CB3-EA99-4006-A9DB-018CE4807A7A}.Debug|x64.ActiveCfg = Debug|x64
		{388D3CB3-EA99-4006-A9DB-018CE4807A7A}.Debug|x64.Build.0 = Debug|x64
		{388D3CB3-EA99-4006-A9DB-018CE4807A7A}.Debug|x86.ActiveCfg = Debug|x86
		{388D3CB3-EA99-4006-A9DB-018CE4807A7A}.Debug|x86.Build.0 = Debug|x86
		{388D3CB3-EA99-4006-A9DB-018CE4807A7A}.Release|Any CPU.ActiveCfg = Release|x86
		{388D3CB3-EA99-4006-A9DB-018CE4807A7A}.Release|Any CPU.Build.0 = Release|x86
		{388D3CB3-EA99-4006-A9DB-018CE4807A7A}.Release|x64.ActiveCfg = Release|x64
		{388D3CB3-EA99-4006-A9DB-018CE4807A7A}.Release|x64.Build.0 = Release|x64
		{388D3CB3-EA99-4006-A9DB-018CE4807A7A}.Release|x86.ActiveCfg = Release|x86
		{388D3CB3-EA99-4006-A9DB-018CE4807A7A}.Release|x86.Build.0 = Release|x86
		{1AD34238-D0BD-4681-AA72-11BD8B7C83B8}.Debug|Any CPU.ActiveCfg = Debug|Any CPU
		{1AD34238-D0BD-4681-AA72-11BD8B7C83B8}.Debug|Any CPU.Build.0 = Debug|Any CPU
		{1AD34238-D0BD-4681-AA72-11BD8B7C83B8}.Debug|x64.ActiveCfg = Debug|Any CPU
		{1AD34238-D0BD-4681-AA72-11BD8B7C83B8}.Debug|x64.Build.0 = Debug|Any CPU
		{1AD34238-D0BD-4681-AA72-11BD8B7C83B8}.Debug|x86.ActiveCfg = Debug|Any CPU
		{1AD34238-D0BD-4681-AA72-11BD8B7C83B8}.Debug|x86.Build.0 = Debug|Any CPU
		{1AD34238-D0BD-4681-AA72-11BD8B7C83B8}.Release|Any CPU.ActiveCfg = Release|Any CPU
		{1AD34238-D0BD-4681-AA72-11BD8B7C83B8}.Release|Any CPU.Build.0 = Release|Any CPU
		{1AD34238-D0BD-4681-AA72-11BD8B7C83B8}.Release|x64.ActiveCfg = Release|Any CPU
		{1AD34238-D0BD-4681-AA72-11BD8B7C83B8}.Release|x64.Build.0 = Release|Any CPU
		{1AD34238-D0BD-4681-AA72-11BD8B7C83B8}.Release|x86.ActiveCfg = Release|Any CPU
		{1AD34238-D0BD-4681-AA72-11BD8B7C83B8}.Release|x86.Build.0 = Release|Any CPU
	EndGlobalSection
	GlobalSection(SolutionProperties) = preSolution
		HideSolutionNode = FALSE
	EndGlobalSection
	GlobalSection(NestedProjects) = preSolution
		{FE02FEC3-0208-0492-DF9C-30DE2051AAA5} = {827E0CD3-B72D-47B6-A68D-7590B98EB39B}
		{F86FC805-C75A-4DB5-889A-D748F581BD96} = {FE02FEC3-0208-0492-DF9C-30DE2051AAA5}
		{9CBA830D-B4CD-1920-FCFC-987D33BFAE30} = {827E0CD3-B72D-47B6-A68D-7590B98EB39B}
		{4F9718FB-6359-4F42-8A95-AF09858E3E3B} = {9CBA830D-B4CD-1920-FCFC-987D33BFAE30}
		{F8D0DC9F-10E3-AF4F-AACB-95D6F5E207A8} = {827E0CD3-B72D-47B6-A68D-7590B98EB39B}
		{4ACAAF14-96D0-484C-B5BF-5FA85EE3DD78} = {F8D0DC9F-10E3-AF4F-AACB-95D6F5E207A8}
		{388D3CB3-EA99-4006-A9DB-018CE4807A7A} = {F8D0DC9F-10E3-AF4F-AACB-95D6F5E207A8}
		{1AD34238-D0BD-4681-AA72-11BD8B7C83B8} = {0AB3BF05-4346-4AA6-1389-037BE0695223}
	EndGlobalSection
EndGlobal
